PODS:
  - AppLocker (2.0):
    - Valet
  - Realm (3.16.1):
    - Realm/Headers (= 3.16.1)
  - Realm/Headers (3.16.1)
  - RealmSwift (3.16.1):
    - Realm (= 3.16.1)
  - SparrowKit (2.0.1)
  - SPFakeBar (1.0.6)
  - SPStorkController (1.6.5)
  - Valet (3.2.5)

DEPENDENCIES:
  - AppLocker
  - RealmSwift
  - SparrowKit
  - SPFakeBar
  - SPStorkController

SPEC REPOS:
  https://github.com/cocoapods/specs.git:
    - AppLocker
    - Realm
    - RealmSwift
    - SparrowKit
    - SPFakeBar
    - SPStorkController
    - Valet

SPEC CHECKSUMS:
  AppLocker: ad734b8027d26ae5cbb4a70eed2bed30159c3b71
  Realm: 601cacc51d8be3b17a377ef787be0f6ee0e76cf1
  RealmSwift: 486f2e09d5a8ccff63ed66e48d0846b111deb5e5
  SparrowKit: 3cfae4791388f8c9eab867eb7c828d60d650de69
  SPFakeBar: 0f9f17c1d4f1702fd48c594b0535486c5924394e
  SPStorkController: f74a60dbcd3c35180c996688873f6eadac839642
  Valet: 41882ffa9ed80c5358584837bcf762dfd1888818

PODFILE CHECKSUM: 7698c8ea6adf8c50e666782241f1fb8275e1c8a6

COCOAPODS: 1.5.3
