PODS:
  - AppLocker (2.0):
    - Valet
  - CocoaProxy (0.1.1)
  - InfiniteLayout (0.3):
    - CocoaProxy (~> 0)
    - InfiniteLayout/Core (= 0.3)
  - InfiniteLayout/Core (0.3):
    - CocoaProxy (~> 0)
  - Realm (3.13.1):
    - Realm/Headers (= 3.13.1)
  - Realm/Headers (3.13.1)
  - RealmSwift (3.13.1):
    - Realm (= 3.13.1)
  - SparrowKit (1.5.3)
  - SPStorkController (1.5.4)
  - Valet (3.2.3)

DEPENDENCIES:
  - AppLocker
  - InfiniteLayout
  - RealmSwift
  - SparrowKit
  - SPStorkController

SPEC REPOS:
  https://github.com/cocoapods/specs.git:
    - AppLocker
    - CocoaProxy
    - InfiniteLayout
    - Realm
    - RealmSwift
    - SparrowKit
    - SPStorkController
    - Valet

SPEC CHECKSUMS:
  AppLocker: ad734b8027d26ae5cbb4a70eed2bed30159c3b71
  CocoaProxy: 35ab81e24325b33834cffe45a3d1fd48ca67ef3a
  InfiniteLayout: 24d5e5ea1528bb86ee00a4e3c02f93fdb38e3f68
  Realm: 50071da38fe079e0735e47c9f2eae738c68c5996
  RealmSwift: 8a1e6a02b7a08cd17a31e3115143fb69fe5f3fb9
  SparrowKit: 8a2991c81d6ab3038d4a41a98a1a73ea17d1a977
  SPStorkController: 6c34a0375ef1254299e460784886ff4e929b82ed
  Valet: 4af0382d4a94db5c7861504f751884f653437d24

PODFILE CHECKSUM: 3536f65dcf5f1e7cd6ea7e2706348a70ebd4d14e

COCOAPODS: 1.5.3
